{
  "name": "raygun-teaser",
  "version": "1.0.0",
  "lockfileVersion": 1,
  "requires": true,
  "dependencies": {
    "@voyagerstudio/saturnfive": {
      "version": "3.0.0-beta.1",
      "resolved": "https://npm.pkg.github.com/download/@voyagerstudio/saturnfive/3.0.0-beta.1/c74c98bcde1a7e85af0559e29d4b86a39a40d1811d718c37149587dfac61784e",
      "integrity": "sha512-/UHylBDAdNxHushJw6Rtiaq6C+ErixrakFuijCEj7pjAyRlrI6aQlOwHOGqbX3X6pWaq/Szb7DfE4OpfwobKVQ==",
      "dev": true
    }
  }
}
